
Microsoft Visual Studio Solution File, Format Version 12.00
# Visual Studio Version 17
VisualStudioVersion = 17.14.36414.22 d17.14
MinimumVisualStudioVersion = 10.0.40219.1
Project("{FAE04EC0-301F-11D3-BF4B-00C04F79EFBC}") = "SmartConvert.API", "SmartConvert.API\SmartConvert.API.csproj", "{70B452AA-5C0C-4EA7-82DF-15EF088C6306}"
EndProject
Global
	GlobalSection(SolutionConfigurationPlatforms) = preSolution
		Debug|Any CPU = Debug|Any CPU
		Release|Any CPU = Release|Any CPU
	EndGlobalSection
	GlobalSection(ProjectConfigurationPlatforms) = postSolution
		{70B452AA-5C0C-4EA7-82DF-15EF088C6306}.Debug|Any CPU.ActiveCfg = Debug|Any CPU
		{70B452AA-5C0C-4EA7-82DF-15EF088C6306}.Debug|Any CPU.Build.0 = Debug|Any CPU
		{70B452AA-5C0C-4EA7-82DF-15EF088C6306}.Release|Any CPU.ActiveCfg = Release|Any CPU
		{70B452AA-5C0C-4EA7-82DF-15EF088C6306}.Release|Any CPU.Build.0 = Release|Any CPU
	EndGlobalSection
	GlobalSection(SolutionProperties) = preSolution
		HideSolutionNode = FALSE
	EndGlobalSection
	GlobalSection(ExtensibilityGlobals) = postSolution
		SolutionGuid = {19EF94C4-6B24-4030-BE81-CB1F556F5385}
	EndGlobalSection
EndGlobal
